{
  "version": 4,
  "terraform_version": "1.10.5",
  "serial": 33,
  "lineage": "098dec24-bf7c-cbc5-c5c7-690a0f756a78",
  "outputs": {},
  "resources": [
    {
      "module": "module.database",
      "mode": "managed",
      "type": "docker_volume",
      "name": "pg_data",
      "provider": "provider[\"registry.terraform.io/terraform-provider-docker/docker\"]",
      "instances": [
        {
          "schema_version": 1,
          "attributes": {
            "driver": "local",
            "driver_opts": null,
            "id": "pg_data",
            "labels": [],
            "mountpoint": "/var/lib/docker/volumes/pg_data/_data",
            "name": "pg_data"
          },
          "sensitive_attributes": [],
          "private": "eyJzY2hlbWFfdmVyc2lvbiI6IjEifQ=="
        }
      ]
    },
    {
      "module": "module.network",
      "mode": "data",
      "type": "docker_network",
      "name": "app_network",
      "provider": "provider[\"registry.terraform.io/terraform-provider-docker/docker\"]",
      "instances": [
        {
          "schema_version": 0,
          "attributes": {
            "driver": "bridge",
            "id": "d37b4fc8e4e46fbdb73cebd8839b3ac0cc62378276b0c09911b2b5a0a32573e1",
            "internal": false,
            "ipam_config": [
              {
                "aux_address": {},
                "gateway": "172.18.0.1",
                "ip_range": "",
                "subnet": "172.18.0.0/16"
              }
            ],
            "name": "app_network",
            "options": {},
            "scope": "local"
          },
          "sensitive_attributes": []
        }
      ]
    }
  ],
  "check_results": null
}
